
Microsoft Visual Studio Solution File, Format Version 12.00
# Visual Studio 14
VisualStudioVersion = 14.0.24720.0
MinimumVisualStudioVersion = 10.0.40219.1
Project("{FAE04EC0-301F-11D3-BF4B-00C04F79EFBC}") = "TH Hack Toolkit", "TH Hack Toolkit\TH Hack Toolkit.csproj", "{C121839A-3A55-4AEE-968F-5BFB6A4C63F8}"
EndProject
Global
	GlobalSection(SolutionConfigurationPlatforms) = preSolution
		Debug|Any CPU = Debug|Any CPU
		Release|Any CPU = Release|Any CPU
	EndGlobalSection
	GlobalSection(ProjectConfigurationPlatforms) = postSolution
		{C121839A-3A55-4AEE-968F-5BFB6A4C63F8}.Debug|Any CPU.ActiveCfg = Debug|Any CPU
		{C121839A-3A55-4AEE-968F-5BFB6A4C63F8}.Debug|Any CPU.Build.0 = Debug|Any CPU
		{C121839A-3A55-4AEE-968F-5BFB6A4C63F8}.Release|Any CPU.ActiveCfg = Release|Any CPU
		{C121839A-3A55-4AEE-968F-5BFB6A4C63F8}.Release|Any CPU.Build.0 = Release|Any CPU
	EndGlobalSection
	GlobalSection(SolutionProperties) = preSolution
		HideSolutionNode = FALSE
	EndGlobalSection
EndGlobal
